# @generated by Move, please check-in and do not edit manually.

[move]
version = 3
manifest_digest = "32226A64E06E56F2484C05366A9CA06E74C438426714A77E45B664A3DB1EBEDB"
deps_digest = "F8BBB0CCB2491CA29A3DF03D6F92277A4F3574266507ACD77214D37ECA3F3082"
dependencies = [
  { id = "Sui", name = "Sui" },
]

[[move.package]]
id = "MoveStdlib"
source = { git = "https://github.com/MystenLabs/sui.git", rev = "framework/testnet", subdir = "crates/sui-framework/packages/move-stdlib" }

[[move.package]]
id = "Sui"
source = { git = "https://github.com/MystenLabs/sui.git", rev = "framework/testnet", subdir = "crates/sui-framework/packages/sui-framework" }

dependencies = [
  { id = "MoveStdlib", name = "MoveStdlib" },
]

[move.toolchain-version]
compiler-version = "1.41.1"
edition = "2024.beta"
flavor = "sui"

[env]

[env.testnet]
chain-id = "4c78adac"
original-published-id = "0x684c26d5fedd570bbb3196e31f6053e7af904fdae3be9097976c13649a6e2a46"
latest-published-id = "0x684c26d5fedd570bbb3196e31f6053e7af904fdae3be9097976c13649a6e2a46"
published-version = "1"
